
Microsoft Visual Studio Solution File, Format Version 12.00
# Visual Studio Version 16
VisualStudioVersion = 16.0.31911.196
MinimumVisualStudioVersion = 10.0.40219.1
Project("{FAE04EC0-301F-11D3-BF4B-00C04F79EFBC}") = "PowerAttackFix", "PowerAttackFix.csproj", "{71ED9A30-54B5-4FC4-9509-867F7D98578C}"
EndProject
Global
	GlobalSection(SolutionConfigurationPlatforms) = preSolution
		Debug|Any CPU = Debug|Any CPU
		Release|Any CPU = Release|Any CPU
	EndGlobalSection
	GlobalSection(ProjectConfigurationPlatforms) = postSolution
		{71ED9A30-54B5-4FC4-9509-867F7D98578C}.Debug|Any CPU.ActiveCfg = Debug|Any CPU
		{71ED9A30-54B5-4FC4-9509-867F7D98578C}.Debug|Any CPU.Build.0 = Debug|Any CPU
		{71ED9A30-54B5-4FC4-9509-867F7D98578C}.Release|Any CPU.ActiveCfg = Release|Any CPU
		{71ED9A30-54B5-4FC4-9509-867F7D98578C}.Release|Any CPU.Build.0 = Release|Any CPU
	EndGlobalSection
	GlobalSection(SolutionProperties) = preSolution
		HideSolutionNode = FALSE
	EndGlobalSection
	GlobalSection(ExtensibilityGlobals) = postSolution
		SolutionGuid = {6EECA7B5-9FD8-4B3C-85BC-686CA2E46F9D}
	EndGlobalSection
EndGlobal
